
Microsoft Visual Studio Solution File, Format Version 12.00
# Visual Studio Version 17
VisualStudioVersion = 17.7.34018.315
MinimumVisualStudioVersion = 10.0.40219.1
Project("{9A19103F-16F7-4668-BE54-9A1E7A4F7556}") = "Task_1", "Task_1\Task_1.csproj", "{845CE6EF-6297-4709-9287-39CB55667960}"
EndProject
Project("{9A19103F-16F7-4668-BE54-9A1E7A4F7556}") = "Task_2", "Task_2\Task_2.csproj", "{0AF2F772-2CD9-4CC3-96A7-CD7382822EB2}"
EndProject
Project("{9A19103F-16F7-4668-BE54-9A1E7A4F7556}") = "Task_3", "Task_3\Task_3.csproj", "{AE5E66BC-525E-4D9C-BE9C-2846BA1BA22E}"
EndProject
Project("{FAE04EC0-301F-11D3-BF4B-00C04F79EFBC}") = "Task_4", "Task_4\Task_4.csproj", "{FF7068C2-28DE-4E55-9795-77DA418BE5EF}"
EndProject
Project("{FAE04EC0-301F-11D3-BF4B-00C04F79EFBC}") = "Task_5", "Task_5\Task_5.csproj", "{16646321-F304-4B4E-B7AB-D3FC74C5B7CA}"
EndProject
Project("{FAE04EC0-301F-11D3-BF4B-00C04F79EFBC}") = "Task_6", "Task_6\Task_6.csproj", "{FC1FACC2-5607-4B26-9CE4-F2007FC6DC07}"
EndProject
Project("{FAE04EC0-301F-11D3-BF4B-00C04F79EFBC}") = "Task_7", "Task_7\Task_7.csproj", "{A8706F4E-459B-46B8-93DE-DFD2BB454910}"
EndProject
Project("{FAE04EC0-301F-11D3-BF4B-00C04F79EFBC}") = "Task_8", "Task_8\Task_8.csproj", "{0F148CB3-4B35-473C-AD85-424C4647643C}"
EndProject
Project("{FAE04EC0-301F-11D3-BF4B-00C04F79EFBC}") = "Task_9", "Task_9\Task_9.csproj", "{B7FDBE3D-4C1D-4D1F-BDCC-09116B95A8E9}"
EndProject
Project("{FAE04EC0-301F-11D3-BF4B-00C04F79EFBC}") = "Task_10", "Task_10\Task_10.csproj", "{4068C9E7-2C54-486E-A9FD-B99C75AF05E7}"
EndProject
Project("{FAE04EC0-301F-11D3-BF4B-00C04F79EFBC}") = "Task_11", "Task_11\Task_11.csproj", "{BECC5DCA-AB4B-4C11-9840-850B6A09FB1C}"
EndProject
Project("{FAE04EC0-301F-11D3-BF4B-00C04F79EFBC}") = "Task_12", "Task_12\Task_12.csproj", "{BB9D7F48-C2D7-474D-9285-7FD780488945}"
EndProject
Project("{FAE04EC0-301F-11D3-BF4B-00C04F79EFBC}") = "Task_13", "Task_13\Task_13.csproj", "{2C22C2BC-30B7-417D-AE63-81F18B437F03}"
EndProject
Global
	GlobalSection(SolutionConfigurationPlatforms) = preSolution
		Debug|Any CPU = Debug|Any CPU
		Release|Any CPU = Release|Any CPU
	EndGlobalSection
	GlobalSection(ProjectConfigurationPlatforms) = postSolution
		{845CE6EF-6297-4709-9287-39CB55667960}.Debug|Any CPU.ActiveCfg = Debug|Any CPU
		{845CE6EF-6297-4709-9287-39CB55667960}.Debug|Any CPU.Build.0 = Debug|Any CPU
		{845CE6EF-6297-4709-9287-39CB55667960}.Release|Any CPU.ActiveCfg = Release|Any CPU
		{845CE6EF-6297-4709-9287-39CB55667960}.Release|Any CPU.Build.0 = Release|Any CPU
		{0AF2F772-2CD9-4CC3-96A7-CD7382822EB2}.Debug|Any CPU.ActiveCfg = Debug|Any CPU
		{0AF2F772-2CD9-4CC3-96A7-CD7382822EB2}.Debug|Any CPU.Build.0 = Debug|Any CPU
		{0AF2F772-2CD9-4CC3-96A7-CD7382822EB2}.Release|Any CPU.ActiveCfg = Release|Any CPU
		{0AF2F772-2CD9-4CC3-96A7-CD7382822EB2}.Release|Any CPU.Build.0 = Release|Any CPU
		{AE5E66BC-525E-4D9C-BE9C-2846BA1BA22E}.Debug|Any CPU.ActiveCfg = Debug|Any CPU
		{AE5E66BC-525E-4D9C-BE9C-2846BA1BA22E}.Debug|Any CPU.Build.0 = Debug|Any CPU
		{AE5E66BC-525E-4D9C-BE9C-2846BA1BA22E}.Release|Any CPU.ActiveCfg = Release|Any CPU
		{AE5E66BC-525E-4D9C-BE9C-2846BA1BA22E}.Release|Any CPU.Build.0 = Release|Any CPU
		{FF7068C2-28DE-4E55-9795-77DA418BE5EF}.Debug|Any CPU.ActiveCfg = Debug|Any CPU
		{FF7068C2-28DE-4E55-9795-77DA418BE5EF}.Debug|Any CPU.Build.0 = Debug|Any CPU
		{FF7068C2-28DE-4E55-9795-77DA418BE5EF}.Release|Any CPU.ActiveCfg = Release|Any CPU
		{FF7068C2-28DE-4E55-9795-77DA418BE5EF}.Release|Any CPU.Build.0 = Release|Any CPU
		{16646321-F304-4B4E-B7AB-D3FC74C5B7CA}.Debug|Any CPU.ActiveCfg = Debug|Any CPU
		{16646321-F304-4B4E-B7AB-D3FC74C5B7CA}.Debug|Any CPU.Build.0 = Debug|Any CPU
		{16646321-F304-4B4E-B7AB-D3FC74C5B7CA}.Release|Any CPU.ActiveCfg = Release|Any CPU
		{16646321-F304-4B4E-B7AB-D3FC74C5B7CA}.Release|Any CPU.Build.0 = Release|Any CPU
		{FC1FACC2-5607-4B26-9CE4-F2007FC6DC07}.Debug|Any CPU.ActiveCfg = Debug|Any CPU
		{FC1FACC2-5607-4B26-9CE4-F2007FC6DC07}.Debug|Any CPU.Build.0 = Debug|Any CPU
		{FC1FACC2-5607-4B26-9CE4-F2007FC6DC07}.Release|Any CPU.ActiveCfg = Release|Any CPU
		{FC1FACC2-5607-4B26-9CE4-F2007FC6DC07}.Release|Any CPU.Build.0 = Release|Any CPU
		{A8706F4E-459B-46B8-93DE-DFD2BB454910}.Debug|Any CPU.ActiveCfg = Debug|Any CPU
		{A8706F4E-459B-46B8-93DE-DFD2BB454910}.Debug|Any CPU.Build.0 = Debug|Any CPU
		{A8706F4E-459B-46B8-93DE-DFD2BB454910}.Release|Any CPU.ActiveCfg = Release|Any CPU
		{A8706F4E-459B-46B8-93DE-DFD2BB454910}.Release|Any CPU.Build.0 = Release|Any CPU
		{0F148CB3-4B35-473C-AD85-424C4647643C}.Debug|Any CPU.ActiveCfg = Debug|Any CPU
		{0F148CB3-4B35-473C-AD85-424C4647643C}.Debug|Any CPU.Build.0 = Debug|Any CPU
		{0F148CB3-4B35-473C-AD85-424C4647643C}.Release|Any CPU.ActiveCfg = Release|Any CPU
		{0F148CB3-4B35-473C-AD85-424C4647643C}.Release|Any CPU.Build.0 = Release|Any CPU
		{B7FDBE3D-4C1D-4D1F-BDCC-09116B95A8E9}.Debug|Any CPU.ActiveCfg = Debug|Any CPU
		{B7FDBE3D-4C1D-4D1F-BDCC-09116B95A8E9}.Debug|Any CPU.Build.0 = Debug|Any CPU
		{B7FDBE3D-4C1D-4D1F-BDCC-09116B95A8E9}.Release|Any CPU.ActiveCfg = Release|Any CPU
		{B7FDBE3D-4C1D-4D1F-BDCC-09116B95A8E9}.Release|Any CPU.Build.0 = Release|Any CPU
		{4068C9E7-2C54-486E-A9FD-B99C75AF05E7}.Debug|Any CPU.ActiveCfg = Debug|Any CPU
		{4068C9E7-2C54-486E-A9FD-B99C75AF05E7}.Debug|Any CPU.Build.0 = Debug|Any CPU
		{4068C9E7-2C54-486E-A9FD-B99C75AF05E7}.Release|Any CPU.ActiveCfg = Release|Any CPU
		{4068C9E7-2C54-486E-A9FD-B99C75AF05E7}.Release|Any CPU.Build.0 = Release|Any CPU
		{BECC5DCA-AB4B-4C11-9840-850B6A09FB1C}.Debug|Any CPU.ActiveCfg = Debug|Any CPU
		{BECC5DCA-AB4B-4C11-9840-850B6A09FB1C}.Debug|Any CPU.Build.0 = Debug|Any CPU
		{BECC5DCA-AB4B-4C11-9840-850B6A09FB1C}.Release|Any CPU.ActiveCfg = Release|Any CPU
		{BECC5DCA-AB4B-4C11-9840-850B6A09FB1C}.Release|Any CPU.Build.0 = Release|Any CPU
		{BB9D7F48-C2D7-474D-9285-7FD780488945}.Debug|Any CPU.ActiveCfg = Debug|Any CPU
		{BB9D7F48-C2D7-474D-9285-7FD780488945}.Debug|Any CPU.Build.0 = Debug|Any CPU
		{BB9D7F48-C2D7-474D-9285-7FD780488945}.Release|Any CPU.ActiveCfg = Release|Any CPU
		{BB9D7F48-C2D7-474D-9285-7FD780488945}.Release|Any CPU.Build.0 = Release|Any CPU
		{2C22C2BC-30B7-417D-AE63-81F18B437F03}.Debug|Any CPU.ActiveCfg = Debug|Any CPU
		{2C22C2BC-30B7-417D-AE63-81F18B437F03}.Debug|Any CPU.Build.0 = Debug|Any CPU
		{2C22C2BC-30B7-417D-AE63-81F18B437F03}.Release|Any CPU.ActiveCfg = Release|Any CPU
		{2C22C2BC-30B7-417D-AE63-81F18B437F03}.Release|Any CPU.Build.0 = Release|Any CPU
	EndGlobalSection
	GlobalSection(SolutionProperties) = preSolution
		HideSolutionNode = FALSE
	EndGlobalSection
	GlobalSection(ExtensibilityGlobals) = postSolution
		SolutionGuid = {C7D7607F-5470-41F9-8003-1CDBCD6B4B91}
	EndGlobalSection
EndGlobal
